
Microsoft Visual Studio Solution File, Format Version 12.00
# Visual Studio Version 17
VisualStudioVersion = 17.14.36623.8 d17.14
MinimumVisualStudioVersion = 10.0.40219.1
Project("{FAE04EC0-301F-11D3-BF4B-00C04F79EFBC}") = "AutoHub", "AutoHub\AutoHub.csproj", "{C3F619BA-DC8B-4B6F-849D-593F8857090E}"
EndProject
Global
	GlobalSection(SolutionConfigurationPlatforms) = preSolution
		Debug|Any CPU = Debug|Any CPU
		Release|Any CPU = Release|Any CPU
	EndGlobalSection
	GlobalSection(ProjectConfigurationPlatforms) = postSolution
		{C3F619BA-DC8B-4B6F-849D-593F8857090E}.Debug|Any CPU.ActiveCfg = Debug|Any CPU
		{C3F619BA-DC8B-4B6F-849D-593F8857090E}.Debug|Any CPU.Build.0 = Debug|Any CPU
		{C3F619BA-DC8B-4B6F-849D-593F8857090E}.Release|Any CPU.ActiveCfg = Release|Any CPU
		{C3F619BA-DC8B-4B6F-849D-593F8857090E}.Release|Any CPU.Build.0 = Release|Any CPU
	EndGlobalSection
	GlobalSection(SolutionProperties) = preSolution
		HideSolutionNode = FALSE
	EndGlobalSection
	GlobalSection(ExtensibilityGlobals) = postSolution
		SolutionGuid = {882A74E3-83E3-4D18-89D1-77BE4A8065A4}
	EndGlobalSection
EndGlobal
